Microsoft Visual Studio Solution File, Format Version 12.00
# Visual Studio 15
VisualStudioVersion = 15.0.26124.0
MinimumVisualStudioVersion = 15.0.26124.0
Project("{2150E333-8FDC-42A3-9474-1A3956D46DE8}") = "src", "src", "{4A4FFCD6-FC18-411D-AEFE-062550C90A76}"
EndProject
Project("{9A19103F-16F7-4668-BE54-9A1E7A4F7556}") = "Jincod.CQRS", "src\Jincod.CQRS\Jincod.CQRS.csproj", "{207448E9-7925-4C10-BCD2-DE2B8067DEB8}"
EndProject
Project("{2150E333-8FDC-42A3-9474-1A3956D46DE8}") = "Example", "Example", "{9145BA7A-FEBE-4520-B15D-7BB25AA18C7B}"
EndProject
Project("{9A19103F-16F7-4668-BE54-9A1E7A4F7556}") = "Jincod.CQRS.ConsoleApp", "Example\Jincod.CQRS.ConsoleApp\Jincod.CQRS.ConsoleApp.csproj", "{789BA48E-50C6-45A5-A56F-554507CB7C46}"
EndProject
Project("{9A19103F-16F7-4668-BE54-9A1E7A4F7556}") = "Jincod.CQRS.Dependencies", "Example\Jincod.CQRS.Dependencies\Jincod.CQRS.Dependencies.csproj", "{2E25BC26-C84B-4FD6-A6EC-AF4EA439D3BD}"
EndProject
Project("{9A19103F-16F7-4668-BE54-9A1E7A4F7556}") = "Jincod.CQRS.Domain", "Example\Jincod.CQRS.Domain\Jincod.CQRS.Domain.csproj", "{B265590C-313F-49A2-A0B5-6162BBF48EB3}"
EndProject
Project("{9A19103F-16F7-4668-BE54-9A1E7A4F7556}") = "Jincod.CQRS.Queries", "Example\Jincod.CQRS.Queries\Jincod.CQRS.Queries.csproj", "{F9BF7EC2-B527-4C55-A180-4A4F082DDE4E}"
EndProject
Project("{9A19103F-16F7-4668-BE54-9A1E7A4F7556}") = "Jincod.CQRS.Commands", "Example\Jincod.CQRS.Commands\Jincod.CQRS.Commands.csproj", "{AD56240F-EE2F-423A-9C88-CFB56461CCFB}"
EndProject
Project("{9A19103F-16F7-4668-BE54-9A1E7A4F7556}") = "Jincod.CQRS.Web", "Example\Jincod.CQRS.Web\Jincod.CQRS.Web.csproj", "{86B46C19-ACD0-4C15-8A26-E01022295410}"
EndProject
Global
	GlobalSection(SolutionConfigurationPlatforms) = preSolution
		Debug|Any CPU = Debug|Any CPU
		Debug|x64 = Debug|x64
		Debug|x86 = Debug|x86
		Release|Any CPU = Release|Any CPU
		Release|x64 = Release|x64
		Release|x86 = Release|x86
	EndGlobalSection
	GlobalSection(ProjectConfigurationPlatforms) = postSolution
		{207448E9-7925-4C10-BCD2-DE2B8067DEB8}.Debug|Any CPU.ActiveCfg = Debug|Any CPU
		{207448E9-7925-4C10-BCD2-DE2B8067DEB8}.Debug|Any CPU.Build.0 = Debug|Any CPU
		{207448E9-7925-4C10-BCD2-DE2B8067DEB8}.Debug|x64.ActiveCfg = Debug|Any CPU
		{207448E9-7925-4C10-BCD2-DE2B8067DEB8}.Debug|x64.Build.0 = Debug|Any CPU
		{207448E9-7925-4C10-BCD2-DE2B8067DEB8}.Debug|x86.ActiveCfg = Debug|Any CPU
		{207448E9-7925-4C10-BCD2-DE2B8067DEB8}.Debug|x86.Build.0 = Debug|Any CPU
		{207448E9-7925-4C10-BCD2-DE2B8067DEB8}.Release|Any CPU.ActiveCfg = Release|Any CPU
		{207448E9-7925-4C10-BCD2-DE2B8067DEB8}.Release|Any CPU.Build.0 = Release|Any CPU
		{207448E9-7925-4C10-BCD2-DE2B8067DEB8}.Release|x64.ActiveCfg = Release|Any CPU
		{207448E9-7925-4C10-BCD2-DE2B8067DEB8}.Release|x64.Build.0 = Release|Any CPU
		{207448E9-7925-4C10-BCD2-DE2B8067DEB8}.Release|x86.ActiveCfg = Release|Any CPU
		{207448E9-7925-4C10-BCD2-DE2B8067DEB8}.Release|x86.Build.0 = Release|Any CPU
		{789BA48E-50C6-45A5-A56F-554507CB7C46}.Debug|Any CPU.ActiveCfg = Debug|Any CPU
		{789BA48E-50C6-45A5-A56F-554507CB7C46}.Debug|Any CPU.Build.0 = Debug|Any CPU
		{789BA48E-50C6-45A5-A56F-554507CB7C46}.Debug|x64.ActiveCfg = Debug|Any CPU
		{789BA48E-50C6-45A5-A56F-554507CB7C46}.Debug|x64.Build.0 = Debug|Any CPU
		{789BA48E-50C6-45A5-A56F-554507CB7C46}.Debug|x86.ActiveCfg = Debug|Any CPU
		{789BA48E-50C6-45A5-A56F-554507CB7C46}.Debug|x86.Build.0 = Debug|Any CPU
		{789BA48E-50C6-45A5-A56F-554507CB7C46}.Release|Any CPU.ActiveCfg = Release|Any CPU
		{789BA48E-50C6-45A5-A56F-554507CB7C46}.Release|Any CPU.Build.0 = Release|Any CPU
		{789BA48E-50C6-45A5-A56F-554507CB7C46}.Release|x64.ActiveCfg = Release|Any CPU
		{789BA48E-50C6-45A5-A56F-554507CB7C46}.Release|x64.Build.0 = Release|Any CPU
		{789BA48E-50C6-45A5-A56F-554507CB7C46}.Release|x86.ActiveCfg = Release|Any CPU
		{789BA48E-50C6-45A5-A56F-554507CB7C46}.Release|x86.Build.0 = Release|Any CPU
		{2E25BC26-C84B-4FD6-A6EC-AF4EA439D3BD}.Debug|Any CPU.ActiveCfg = Debug|Any CPU
		{2E25BC26-C84B-4FD6-A6EC-AF4EA439D3BD}.Debug|Any CPU.Build.0 = Debug|Any CPU
		{2E25BC26-C84B-4FD6-A6EC-AF4EA439D3BD}.Debug|x64.ActiveCfg = Debug|Any CPU
		{2E25BC26-C84B-4FD6-A6EC-AF4EA439D3BD}.Debug|x64.Build.0 = Debug|Any CPU
		{2E25BC26-C84B-4FD6-A6EC-AF4EA439D3BD}.Debug|x86.ActiveCfg = Debug|Any CPU
		{2E25BC26-C84B-4FD6-A6EC-AF4EA439D3BD}.Debug|x86.Build.0 = Debug|Any CPU
		{2E25BC26-C84B-4FD6-A6EC-AF4EA439D3BD}.Release|Any CPU.ActiveCfg = Release|Any CPU
		{2E25BC26-C84B-4FD6-A6EC-AF4EA439D3BD}.Release|Any CPU.Build.0 = Release|Any CPU
		{2E25BC26-C84B-4FD6-A6EC-AF4EA439D3BD}.Release|x64.ActiveCfg = Release|Any CPU
		{2E25BC26-C84B-4FD6-A6EC-AF4EA439D3BD}.Release|x64.Build.0 = Release|Any CPU
		{2E25BC26-C84B-4FD6-A6EC-AF4EA439D3BD}.Release|x86.ActiveCfg = Release|Any CPU
		{2E25BC26-C84B-4FD6-A6EC-AF4EA439D3BD}.Release|x86.Build.0 = Release|Any CPU
		{B265590C-313F-49A2-A0B5-6162BBF48EB3}.Debug|Any CPU.ActiveCfg = Debug|Any CPU
		{B265590C-313F-49A2-A0B5-6162BBF48EB3}.Debug|Any CPU.Build.0 = Debug|Any CPU
		{B265590C-313F-49A2-A0B5-6162BBF48EB3}.Debug|x64.ActiveCfg = Debug|Any CPU
		{B265590C-313F-49A2-A0B5-6162BBF48EB3}.Debug|x64.Build.0 = Debug|Any CPU
		{B265590C-313F-49A2-A0B5-6162BBF48EB3}.Debug|x86.ActiveCfg = Debug|Any CPU
		{B265590C-313F-49A2-A0B5-6162BBF48EB3}.Debug|x86.Build.0 = Debug|Any CPU
		{B265590C-313F-49A2-A0B5-6162BBF48EB3}.Release|Any CPU.ActiveCfg = Release|Any CPU
		{B265590C-313F-49A2-A0B5-6162BBF48EB3}.Release|Any CPU.Build.0 = Release|Any CPU
		{B265590C-313F-49A2-A0B5-6162BBF48EB3}.Release|x64.ActiveCfg = Release|Any CPU
		{B265590C-313F-49A2-A0B5-6162BBF48EB3}.Release|x64.Build.0 = Release|Any CPU
		{B265590C-313F-49A2-A0B5-6162BBF48EB3}.Release|x86.ActiveCfg = Release|Any CPU
		{B265590C-313F-49A2-A0B5-6162BBF48EB3}.Release|x86.Build.0 = Release|Any CPU
		{F9BF7EC2-B527-4C55-A180-4A4F082DDE4E}.Debug|Any CPU.ActiveCfg = Debug|Any CPU
		{F9BF7EC2-B527-4C55-A180-4A4F082DDE4E}.Debug|Any CPU.Build.0 = Debug|Any CPU
		{F9BF7EC2-B527-4C55-A180-4A4F082DDE4E}.Debug|x64.ActiveCfg = Debug|Any CPU
		{F9BF7EC2-B527-4C55-A180-4A4F082DDE4E}.Debug|x64.Build.0 = Debug|Any CPU
		{F9BF7EC2-B527-4C55-A180-4A4F082DDE4E}.Debug|x86.ActiveCfg = Debug|Any CPU
		{F9BF7EC2-B527-4C55-A180-4A4F082DDE4E}.Debug|x86.Build.0 = Debug|Any CPU
		{F9BF7EC2-B527-4C55-A180-4A4F082DDE4E}.Release|Any CPU.ActiveCfg = Release|Any CPU
		{F9BF7EC2-B527-4C55-A180-4A4F082DDE4E}.Release|Any CPU.Build.0 = Release|Any CPU
		{F9BF7EC2-B527-4C55-A180-4A4F082DDE4E}.Release|x64.ActiveCfg = Release|Any CPU
		{F9BF7EC2-B527-4C55-A180-4A4F082DDE4E}.Release|x64.Build.0 = Release|Any CPU
		{F9BF7EC2-B527-4C55-A180-4A4F082DDE4E}.Release|x86.ActiveCfg = Release|Any CPU
		{F9BF7EC2-B527-4C55-A180-4A4F082DDE4E}.Release|x86.Build.0 = Release|Any CPU
		{AD56240F-EE2F-423A-9C88-CFB56461CCFB}.Debug|Any CPU.ActiveCfg = Debug|Any CPU
		{AD56240F-EE2F-423A-9C88-CFB56461CCFB}.Debug|Any CPU.Build.0 = Debug|Any CPU
		{AD56240F-EE2F-423A-9C88-CFB56461CCFB}.Debug|x64.ActiveCfg = Debug|Any CPU
		{AD56240F-EE2F-423A-9C88-CFB56461CCFB}.Debug|x64.Build.0 = Debug|Any CPU
		{AD56240F-EE2F-423A-9C88-CFB56461CCFB}.Debug|x86.ActiveCfg = Debug|Any CPU
		{AD56240F-EE2F-423A-9C88-CFB56461CCFB}.Debug|x86.Build.0 = Debug|Any CPU
		{AD56240F-EE2F-423A-9C88-CFB56461CCFB}.Release|Any CPU.ActiveCfg = Release|Any CPU
		{AD56240F-EE2F-423A-9C88-CFB56461CCFB}.Release|Any CPU.Build.0 = Release|Any CPU
		{AD56240F-EE2F-423A-9C88-CFB56461CCFB}.Release|x64.ActiveCfg = Release|Any CPU
		{AD56240F-EE2F-423A-9C88-CFB56461CCFB}.Release|x64.Build.0 = Release|Any CPU
		{AD56240F-EE2F-423A-9C88-CFB56461CCFB}.Release|x86.ActiveCfg = Release|Any CPU
		{AD56240F-EE2F-423A-9C88-CFB56461CCFB}.Release|x86.Build.0 = Release|Any CPU
		{86B46C19-ACD0-4C15-8A26-E01022295410}.Debug|Any CPU.ActiveCfg = Debug|Any CPU
		{86B46C19-ACD0-4C15-8A26-E01022295410}.Debug|Any CPU.Build.0 = Debug|Any CPU
		{86B46C19-ACD0-4C15-8A26-E01022295410}.Debug|x64.ActiveCfg = Debug|Any CPU
		{86B46C19-ACD0-4C15-8A26-E01022295410}.Debug|x64.Build.0 = Debug|Any CPU
		{86B46C19-ACD0-4C15-8A26-E01022295410}.Debug|x86.ActiveCfg = Debug|Any CPU
		{86B46C19-ACD0-4C15-8A26-E01022295410}.Debug|x86.Build.0 = Debug|Any CPU
		{86B46C19-ACD0-4C15-8A26-E01022295410}.Release|Any CPU.ActiveCfg = Release|Any CPU
		{86B46C19-ACD0-4C15-8A26-E01022295410}.Release|Any CPU.Build.0 = Release|Any CPU
		{86B46C19-ACD0-4C15-8A26-E01022295410}.Release|x64.ActiveCfg = Release|Any CPU
		{86B46C19-ACD0-4C15-8A26-E01022295410}.Release|x64.Build.0 = Release|Any CPU
		{86B46C19-ACD0-4C15-8A26-E01022295410}.Release|x86.ActiveCfg = Release|Any CPU
		{86B46C19-ACD0-4C15-8A26-E01022295410}.Release|x86.Build.0 = Release|Any CPU
	EndGlobalSection
	GlobalSection(SolutionProperties) = preSolution
		HideSolutionNode = FALSE
	EndGlobalSection
	GlobalSection(NestedProjects) = preSolution
		{207448E9-7925-4C10-BCD2-DE2B8067DEB8} = {4A4FFCD6-FC18-411D-AEFE-062550C90A76}
		{789BA48E-50C6-45A5-A56F-554507CB7C46} = {9145BA7A-FEBE-4520-B15D-7BB25AA18C7B}
		{2E25BC26-C84B-4FD6-A6EC-AF4EA439D3BD} = {9145BA7A-FEBE-4520-B15D-7BB25AA18C7B}
		{B265590C-313F-49A2-A0B5-6162BBF48EB3} = {9145BA7A-FEBE-4520-B15D-7BB25AA18C7B}
		{F9BF7EC2-B527-4C55-A180-4A4F082DDE4E} = {9145BA7A-FEBE-4520-B15D-7BB25AA18C7B}
		{AD56240F-EE2F-423A-9C88-CFB56461CCFB} = {9145BA7A-FEBE-4520-B15D-7BB25AA18C7B}
		{86B46C19-ACD0-4C15-8A26-E01022295410} = {9145BA7A-FEBE-4520-B15D-7BB25AA18C7B}
	EndGlobalSection
	GlobalSection(ExtensibilityGlobals) = postSolution
		SolutionGuid = {AFC32E96-8022-4410-973F-D5047063CE68}
	EndGlobalSection
EndGlobal
